// !$*UTF8*$!
{
	archiveVersion = 1;
	classes = {
	};
	objectVersion = 56;
	objects = {

/* Begin PBXBuildFile section */
		B69048382A398AE8007CAA6F /* AppDelegate.swift in Sources */ = {isa = PBXBuildFile; fileRef = B69048372A398AE8007CAA6F /* AppDelegate.swift */; };
		B690483A2A398AE8007CAA6F /* SceneDelegate.swift in Sources */ = {isa = PBXBuildFile; fileRef = B69048392A398AE8007CAA6F /* SceneDelegate.swift */; };
		B690483C2A398AE8007CAA6F /* ViewController.swift in Sources */ = {isa = PBXBuildFile; fileRef = B690483B2A398AE8007CAA6F /* ViewController.swift */; };
		B690483F2A398AE8007CAA6F /* Main.storyboard in Resources */ = {isa = PBXBuildFile; fileRef = B690483D2A398AE8007CAA6F /* Main.storyboard */; };
		B69048412A398AE9007CAA6F /* Assets.xcassets in Resources */ = {isa = PBXBuildFile; fileRef = B69048402A398AE9007CAA6F /* Assets.xcassets */; };
		B69048442A398AE9007CAA6F /* LaunchScreen.storyboard in Resources */ = {isa = PBXBuildFile; fileRef = B69048422A398AE9007CAA6F /* LaunchScreen.storyboard */; };
		B6AFB92C2A3B88B400E3E286 /* MovieViewController.swift in Sources */ = {isa = PBXBuildFile; fileRef = B6AFB92A2A3B88B400E3E286 /* MovieViewController.swift */; };
		B6AFB92D2A3B88B400E3E286 /* MovieViewController.xib in Resources */ = {isa = PBXBuildFile; fileRef = B6AFB92B2A3B88B400E3E286 /* MovieViewController.xib */; };
		BCD41F49D1B944D844B3B72E /* Pods_Top_Movies.framework in Frameworks */ = {isa = PBXBuildFile; fileRef = 942E34FB3C635A4DA1D9816F /* Pods_Top_Movies.framework */; };
		F534952D2A3B15DC001DE9F7 /* Movie.swift in Sources */ = {isa = PBXBuildFile; fileRef = F534952C2A3B15DC001DE9F7 /* Movie.swift */; };
		F53495312A3B27F3001DE9F7 /* MovieCVC.swift in Sources */ = {isa = PBXBuildFile; fileRef = F534952F2A3B27F3001DE9F7 /* MovieCVC.swift */; };
		F53495322A3B27F3001DE9F7 /* MovieCVC.xib in Resources */ = {isa = PBXBuildFile; fileRef = F53495302A3B27F3001DE9F7 /* MovieCVC.xib */; };
/* End PBXBuildFile section */

/* Begin PBXFileReference section */
		0C4CAA07854606282B5C0EF5 /* Pods-Top Movies.debug.xcconfig */ = {isa = PBXFileReference; includeInIndex = 1; lastKnownFileType = text.xcconfig; name = "Pods-Top Movies.debug.xcconfig"; path = "Target Support Files/Pods-Top Movies/Pods-Top Movies.debug.xcconfig"; sourceTree = "<group>"; };
		4A820720D9C9BF9F1548A878 /* Pods-Top Movies.release.xcconfig */ = {isa = PBXFileReference; includeInIndex = 1; lastKnownFileType = text.xcconfig; name = "Pods-Top Movies.release.xcconfig"; path = "Target Support Files/Pods-Top Movies/Pods-Top Movies.release.xcconfig"; sourceTree = "<group>"; };
		942E34FB3C635A4DA1D9816F /* Pods_Top_Movies.framework */ = {isa = PBXFileReference; explicitFileType = wrapper.framework; includeInIndex = 0; path = Pods_Top_Movies.framework; sourceTree = BUILT_PRODUCTS_DIR; };
		B69048342A398AE8007CAA6F /* Top Movies.app */ = {isa = PBXFileReference; explicitFileType = wrapper.application; includeInIndex = 0; path = "Top Movies.app"; sourceTree = BUILT_PRODUCTS_DIR; };
		B69048372A398AE8007CAA6F /* AppDelegate.swift */ = {isa = PBXFileReference; lastKnownFileType = sourcecode.swift; path = AppDelegate.swift; sourceTree = "<group>"; };
		B69048392A398AE8007CAA6F /* SceneDelegate.swift */ = {isa = PBXFileReference; lastKnownFileType = sourcecode.swift; path = SceneDelegate.swift; sourceTree = "<group>"; };
		B690483B2A398AE8007CAA6F /* ViewController.swift */ = {isa = PBXFileReference; lastKnownFileType = sourcecode.swift; path = ViewController.swift; sourceTree = "<group>"; };
		B690483E2A398AE8007CAA6F /* Base */ = {isa = PBXFileReference; lastKnownFileType = file.storyboard; name = Base; path = Base.lproj/Main.storyboard; sourceTree = "<group>"; };
		B69048402A398AE9007CAA6F /* Assets.xcassets */ = {isa = PBXFileReference; lastKnownFileType = folder.assetcatalog; path = Assets.xcassets; sourceTree = "<group>"; };
		B69048432A398AE9007CAA6F /* Base */ = {isa = PBXFileReference; lastKnownFileType = file.storyboard; name = Base; path = Base.lproj/LaunchScreen.storyboard; sourceTree = "<group>"; };
		B69048452A398AE9007CAA6F /* Info.plist */ = {isa = PBXFileReference; lastKnownFileType = text.plist.xml; path = Info.plist; sourceTree = "<group>"; };
		B6AFB92A2A3B88B400E3E286 /* MovieViewController.swift */ = {isa = PBXFileReference; lastKnownFileType = sourcecode.swift; path = MovieViewController.swift; sourceTree = "<group>"; };
		B6AFB92B2A3B88B400E3E286 /* MovieViewController.xib */ = {isa = PBXFileReference; lastKnownFileType = file.xib; path = MovieViewController.xib; sourceTree = "<group>"; };
		F534952C2A3B15DC001DE9F7 /* Movie.swift */ = {isa = PBXFileReference; lastKnownFileType = sourcecode.swift; path = Movie.swift; sourceTree = "<group>"; };
		F534952F2A3B27F3001DE9F7 /* MovieCVC.swift */ = {isa = PBXFileReference; lastKnownFileType = sourcecode.swift; path = MovieCVC.swift; sourceTree = "<group>"; };
		F53495302A3B27F3001DE9F7 /* MovieCVC.xib */ = {isa = PBXFileReference; lastKnownFileType = file.xib; path = MovieCVC.xib; sourceTree = "<group>"; };
/* End PBXFileReference section */

/* Begin PBXFrameworksBuildPhase section */
		B69048312A398AE8007CAA6F /* Frameworks */ = {
			isa = PBXFrameworksBuildPhase;
			buildActionMask = 2147483647;
			files = (
				BCD41F49D1B944D844B3B72E /* Pods_Top_Movies.framework in Frameworks */,
			);
			runOnlyForDeploymentPostprocessing = 0;
		};
/* End PBXFrameworksBuildPhase section */

/* Begin PBXGroup section */
		7054970A37E30354955B0D8A /* Frameworks */ = {
			isa = PBXGroup;
			children = (
				942E34FB3C635A4DA1D9816F /* Pods_Top_Movies.framework */,
			);
			name = Frameworks;
			sourceTree = "<group>";
		};
		A2A0F941F3DE5FF3FC6F807A /* Pods */ = {
			isa = PBXGroup;
			children = (
				0C4CAA07854606282B5C0EF5 /* Pods-Top Movies.debug.xcconfig */,
				4A820720D9C9BF9F1548A878 /* Pods-Top Movies.release.xcconfig */,
			);
			path = Pods;
			sourceTree = "<group>";
		};
		B690482B2A398AE8007CAA6F = {
			isa = PBXGroup;
			children = (
				B69048362A398AE8007CAA6F /* Top Movies */,
				B69048352A398AE8007CAA6F /* Products */,
				A2A0F941F3DE5FF3FC6F807A /* Pods */,
				7054970A37E30354955B0D8A /* Frameworks */,
			);
			sourceTree = "<group>";
		};
		B69048352A398AE8007CAA6F /* Products */ = {
			isa = PBXGroup;
			children = (
				B69048342A398AE8007CAA6F /* Top Movies.app */,
			);
			name = Products;
			sourceTree = "<group>";
		};
		B69048362A398AE8007CAA6F /* Top Movies */ = {
			isa = PBXGroup;
			children = (
				B6AFB9292A3B886000E3E286 /* Controllers */,
				F534952E2A3B27AA001DE9F7 /* Cells */,
				F534952B2A3B0970001DE9F7 /* Models */,
				B69048372A398AE8007CAA6F /* AppDelegate.swift */,
				B69048392A398AE8007CAA6F /* SceneDelegate.swift */,
				B690483B2A398AE8007CAA6F /* ViewController.swift */,
				B690483D2A398AE8007CAA6F /* Main.storyboard */,
				B69048402A398AE9007CAA6F /* Assets.xcassets */,
				B69048422A398AE9007CAA6F /* LaunchScreen.storyboard */,
				B69048452A398AE9007CAA6F /* Info.plist */,
			);
			path = "Top Movies";
			sourceTree = "<group>";
		};
		B6AFB9292A3B886000E3E286 /* Controllers */ = {
			isa = PBXGroup;
			children = (
				B6AFB92A2A3B88B400E3E286 /* MovieViewController.swift */,
				B6AFB92B2A3B88B400E3E286 /* MovieViewController.xib */,
			);
			name = Controllers;
			sourceTree = "<group>";
		};
		F534952B2A3B0970001DE9F7 /* Models */ = {
			isa = PBXGroup;
			children = (
				F534952C2A3B15DC001DE9F7 /* Movie.swift */,
			);
			path = Models;
			sourceTree = "<group>";
		};
		F534952E2A3B27AA001DE9F7 /* Cells */ = {
			isa = PBXGroup;
			children = (
				F534952F2A3B27F3001DE9F7 /* MovieCVC.swift */,
				F53495302A3B27F3001DE9F7 /* MovieCVC.xib */,
			);
			path = Cells;
			sourceTree = "<group>";
		};
/* End PBXGroup section */

/* Begin PBXNativeTarget section */
		B69048332A398AE8007CAA6F /* Top Movies */ = {
			isa = PBXNativeTarget;
			buildConfigurationList = B69048482A398AE9007CAA6F /* Build configuration list for PBXNativeTarget "Top Movies" */;
			buildPhases = (
				B3A7975CBBD985E891E25C88 /* [CP] Check Pods Manifest.lock */,
				B69048302A398AE8007CAA6F /* Sources */,
				B69048312A398AE8007CAA6F /* Frameworks */,
				B69048322A398AE8007CAA6F /* Resources */,
				5619FD0581E48CBC0D2F0DE8 /* [CP] Embed Pods Frameworks */,
			);
			buildRules = (
			);
			dependencies = (
			);
			name = "Top Movies";
			productName = "Top Movies";
			productReference = B69048342A398AE8007CAA6F /* Top Movies.app */;
			productType = "com.apple.product-type.application";
		};
/* End PBXNativeTarget section */

/* Begin PBXProject section */
		B690482C2A398AE8007CAA6F /* Project object */ = {
			isa = PBXProject;
			attributes = {
				BuildIndependentTargetsInParallel = 1;
				LastSwiftUpdateCheck = 1410;
				LastUpgradeCheck = 1410;
				TargetAttributes = {
					B69048332A398AE8007CAA6F = {
						CreatedOnToolsVersion = 14.1;
					};
				};
			};
			buildConfigurationList = B690482F2A398AE8007CAA6F /* Build configuration list for PBXProject "Top movies" */;
			compatibilityVersion = "Xcode 14.0";
			developmentRegion = en;
			hasScannedForEncodings = 0;
			knownRegions = (
				en,
				Base,
			);
			mainGroup = B690482B2A398AE8007CAA6F;
			productRefGroup = B69048352A398AE8007CAA6F /* Products */;
			projectDirPath = "";
			projectRoot = "";
			targets = (
				B69048332A398AE8007CAA6F /* Top Movies */,
			);
		};
/* End PBXProject section */

/* Begin PBXResourcesBuildPhase section */
		B69048322A398AE8007CAA6F /* Resources */ = {
			isa = PBXResourcesBuildPhase;
			buildActionMask = 2147483647;
			files = (
				B69048442A398AE9007CAA6F /* LaunchScreen.storyboard in Resources */,
				F53495322A3B27F3001DE9F7 /* MovieCVC.xib in Resources */,
				B69048412A398AE9007CAA6F /* Assets.xcassets in Resources */,
				B6AFB92D2A3B88B400E3E286 /* MovieViewController.xib in Resources */,
				B690483F2A398AE8007CAA6F /* Main.storyboard in Resources */,
			);
			runOnlyForDeploymentPostprocessing = 0;
		};
/* End PBXResourcesBuildPhase section */

/* Begin PBXShellScriptBuildPhase section */
		5619FD0581E48CBC0D2F0DE8 /* [CP] Embed Pods Frameworks */ = {
			isa = PBXShellScriptBuildPhase;
			buildActionMask = 2147483647;
			files = (
			);
			inputFileListPaths = (
				"${PODS_ROOT}/Target Support Files/Pods-Top Movies/Pods-Top Movies-frameworks-${CONFIGURATION}-input-files.xcfilelist",
			);
			name = "[CP] Embed Pods Frameworks";
			outputFileListPaths = (
				"${PODS_ROOT}/Target Support Files/Pods-Top Movies/Pods-Top Movies-frameworks-${CONFIGURATION}-output-files.xcfilelist",
			);
			runOnlyForDeploymentPostprocessing = 0;
			shellPath = /bin/sh;
			shellScript = "\"${PODS_ROOT}/Target Support Files/Pods-Top Movies/Pods-Top Movies-frameworks.sh\"\n";
			showEnvVarsInLog = 0;
		};
		B3A7975CBBD985E891E25C88 /* [CP] Check Pods Manifest.lock */ = {
			isa = PBXShellScriptBuildPhase;
			buildActionMask = 2147483647;
			files = (
			);
			inputFileListPaths = (
			);
			inputPaths = (
				"${PODS_PODFILE_DIR_PATH}/Podfile.lock",
				"${PODS_ROOT}/Manifest.lock",
			);
			name = "[CP] Check Pods Manifest.lock";
			outputFileListPaths = (
			);
			outputPaths = (
				"$(DERIVED_FILE_DIR)/Pods-Top Movies-checkManifestLockResult.txt",
			);
			runOnlyForDeploymentPostprocessing = 0;
			shellPath = /bin/sh;
			shellScript = "diff \"${PODS_PODFILE_DIR_PATH}/Podfile.lock\" \"${PODS_ROOT}/Manifest.lock\" > /dev/null\nif [ $? != 0 ] ; then\n    # print error to STDERR\n    echo \"error: The sandbox is not in sync with the Podfile.lock. Run 'pod install' or update your CocoaPods installation.\" >&2\n    exit 1\nfi\n# This output is used by Xcode 'outputs' to avoid re-running this script phase.\necho \"SUCCESS\" > \"${SCRIPT_OUTPUT_FILE_0}\"\n";
			showEnvVarsInLog = 0;
		};
/* End PBXShellScriptBuildPhase section */

/* Begin PBXSourcesBuildPhase section */
		B69048302A398AE8007CAA6F /* Sources */ = {
			isa = PBXSourcesBuildPhase;
			buildActionMask = 2147483647;
			files = (
				F53495312A3B27F3001DE9F7 /* MovieCVC.swift in Sources */,
				B690483C2A398AE8007CAA6F /* ViewController.swift in Sources */,
				B69048382A398AE8007CAA6F /* AppDelegate.swift in Sources */,
				F534952D2A3B15DC001DE9F7 /* Movie.swift in Sources */,
				B690483A2A398AE8007CAA6F /* SceneDelegate.swift in Sources */,
				B6AFB92C2A3B88B400E3E286 /* MovieViewController.swift in Sources */,
			);
			runOnlyForDeploymentPostprocessing = 0;
		};
/* End PBXSourcesBuildPhase section */

/* Begin PBXVariantGroup section */
		B690483D2A398AE8007CAA6F /* Main.storyboard */ = {
			isa = PBXVariantGroup;
			children = (
				B690483E2A398AE8007CAA6F /* Base */,
			);
			name = Main.storyboard;
			sourceTree = "<group>";
		};
		B69048422A398AE9007CAA6F /* LaunchScreen.storyboard */ = {
			isa = PBXVariantGroup;
			children = (
				B69048432A398AE9007CAA6F /* Base */,
			);
			name = LaunchScreen.storyboard;
			sourceTree = "<group>";
		};
/* End PBXVariantGroup section */

/* Begin XCBuildConfiguration section */
		B69048462A398AE9007CAA6F /* Debug */ = {
			isa = XCBuildConfiguration;
			buildSettings = {
				ALWAYS_SEARCH_USER_PATHS = NO;
				CLANG_ANALYZER_NONNULL = YES;
				CLANG_ANALYZER_NUMBER_OBJECT_CONVERSION = YES_AGGRESSIVE;
				CLANG_CXX_LANGUAGE_STANDARD = "gnu++20";
				CLANG_ENABLE_MODULES = YES;
				CLANG_ENABLE_OBJC_ARC = YES;
				CLANG_ENABLE_OBJC_WEAK = YES;
				CLANG_WARN_BLOCK_CAPTURE_AUTORELEASING = YES;
				CLANG_WARN_BOOL_CONVERSION = YES;
				CLANG_WARN_COMMA = YES;
				CLANG_WARN_CONSTANT_CONVERSION = YES;
				CLANG_WARN_DEPRECATED_OBJC_IMPLEMENTATIONS = YES;
				CLANG_WARN_DIRECT_OBJC_ISA_USAGE = YES_ERROR;
				CLANG_WARN_DOCUMENTATION_COMMENTS = YES;
				CLANG_WARN_EMPTY_BODY = YES;
				CLANG_WARN_ENUM_CONVERSION = YES;
				CLANG_WARN_INFINITE_RECURSION = YES;
				CLANG_WARN_INT_CONVERSION = YES;
				CLANG_WARN_NON_LITERAL_NULL_CONVERSION = YES;
				CLANG_WARN_OBJC_IMPLICIT_RETAIN_SELF = YES;
				CLANG_WARN_OBJC_LITERAL_CONVERSION = YES;
				CLANG_WARN_OBJC_ROOT_CLASS = YES_ERROR;
				CLANG_WARN_QUOTED_INCLUDE_IN_FRAMEWORK_HEADER = YES;
				CLANG_WARN_RANGE_LOOP_ANALYSIS = YES;
				CLANG_WARN_STRICT_PROTOTYPES = YES;
				CLANG_WARN_SUSPICIOUS_MOVE = YES;
				CLANG_WARN_UNGUARDED_AVAILABILITY = YES_AGGRESSIVE;
				CLANG_WARN_UNREACHABLE_CODE = YES;
				CLANG_WARN__DUPLICATE_METHOD_MATCH = YES;
				COPY_PHASE_STRIP = NO;
				DEBUG_INFORMATION_FORMAT = dwarf;
				ENABLE_STRICT_OBJC_MSGSEND = YES;
				ENABLE_TESTABILITY = YES;
				GCC_C_LANGUAGE_STANDARD = gnu11;
				GCC_DYNAMIC_NO_PIC = NO;
				GCC_NO_COMMON_BLOCKS = YES;
				GCC_OPTIMIZATION_LEVEL = 0;
				GCC_PREPROCESSOR_DEFINITIONS = (
					"DEBUG=1",
					"$(inherited)",
				);
				GCC_WARN_64_TO_32_BIT_CONVERSION = YES;
				GCC_WARN_ABOUT_RETURN_TYPE = YES_ERROR;
				GCC_WARN_UNDECLARED_SELECTOR = YES;
				GCC_WARN_UNINITIALIZED_AUTOS = YES_AGGRESSIVE;
				GCC_WARN_UNUSED_FUNCTION = YES;
				GCC_WARN_UNUSED_VARIABLE = YES;
				IPHONEOS_DEPLOYMENT_TARGET = 16.1;
				MTL_ENABLE_DEBUG_INFO = INCLUDE_SOURCE;
				MTL_FAST_MATH = YES;
				ONLY_ACTIVE_ARCH = YES;
				SDKROOT = iphoneos;
				SWIFT_ACTIVE_COMPILATION_CONDITIONS = DEBUG;
				SWIFT_OPTIMIZATION_LEVEL = "-Onone";
			};
			name = Debug;
		};
		B69048472A398AE9007CAA6F /* Release */ = {
			isa = XCBuildConfiguration;
			buildSettings = {
				ALWAYS_SEARCH_USER_PATHS = NO;
				CLANG_ANALYZER_NONNULL = YES;
				CLANG_ANALYZER_NUMBER_OBJECT_CONVERSION = YES_AGGRESSIVE;
				CLANG_CXX_LANGUAGE_STANDARD = "gnu++20";
				CLANG_ENABLE_MODULES = YES;
				CLANG_ENABLE_OBJC_ARC = YES;
				CLANG_ENABLE_OBJC_WEAK = YES;
				CLANG_WARN_BLOCK_CAPTURE_AUTORELEASING = YES;
				CLANG_WARN_BOOL_CONVERSION = YES;
				CLANG_WARN_COMMA = YES;
				CLANG_WARN_CONSTANT_CONVERSION = YES;
				CLANG_WARN_DEPRECATED_OBJC_IMPLEMENTATIONS = YES;
				CLANG_WARN_DIRECT_OBJC_ISA_USAGE = YES_ERROR;
				CLANG_WARN_DOCUMENTATION_COMMENTS = YES;
				CLANG_WARN_EMPTY_BODY = YES;
				CLANG_WARN_ENUM_CONVERSION = YES;
				CLANG_WARN_INFINITE_RECURSION = YES;
				CLANG_WARN_INT_CONVERSION = YES;
				CLANG_WARN_NON_LITERAL_NULL_CONVERSION = YES;
				CLANG_WARN_OBJC_IMPLICIT_RETAIN_SELF = YES;
				CLANG_WARN_OBJC_LITERAL_CONVERSION = YES;
				CLANG_WARN_OBJC_ROOT_CLASS = YES_ERROR;
				CLANG_WARN_QUOTED_INCLUDE_IN_FRAMEWORK_HEADER = YES;
				CLANG_WARN_RANGE_LOOP_ANALYSIS = YES;
				CLANG_WARN_STRICT_PROTOTYPES = YES;
				CLANG_WARN_SUSPICIOUS_MOVE = YES;
				CLANG_WARN_UNGUARDED_AVAILABILITY = YES_AGGRESSIVE;
				CLANG_WARN_UNREACHABLE_CODE = YES;
				CLANG_WARN__DUPLICATE_METHOD_MATCH = YES;
				COPY_PHASE_STRIP = NO;
				DEBUG_INFORMATION_FORMAT = "dwarf-with-dsym";
				ENABLE_NS_ASSERTIONS = NO;
				ENABLE_STRICT_OBJC_MSGSEND = YES;
				GCC_C_LANGUAGE_STANDARD = gnu11;
				GCC_NO_COMMON_BLOCKS = YES;
				GCC_WARN_64_TO_32_BIT_CONVERSION = YES;
				GCC_WARN_ABOUT_RETURN_TYPE = YES_ERROR;
				GCC_WARN_UNDECLARED_SELECTOR = YES;
				GCC_WARN_UNINITIALIZED_AUTOS = YES_AGGRESSIVE;
				GCC_WARN_UNUSED_FUNCTION = YES;
				GCC_WARN_UNUSED_VARIABLE = YES;
				IPHONEOS_DEPLOYMENT_TARGET = 16.1;
				MTL_ENABLE_DEBUG_INFO = NO;
				MTL_FAST_MATH = YES;
				SDKROOT = iphoneos;
				SWIFT_COMPILATION_MODE = wholemodule;
				SWIFT_OPTIMIZATION_LEVEL = "-O";
				VALIDATE_PRODUCT = YES;
			};
			name = Release;
		};
		B69048492A398AE9007CAA6F /* Debug */ = {
			isa = XCBuildConfiguration;
			baseConfigurationReference = 0C4CAA07854606282B5C0EF5 /* Pods-Top Movies.debug.xcconfig */;
			buildSettings = {
				ASSETCATALOG_COMPILER_APPICON_NAME = AppIcon;
				ASSETCATALOG_COMPILER_GLOBAL_ACCENT_COLOR_NAME = AccentColor;
				CODE_SIGN_STYLE = Automatic;
				CURRENT_PROJECT_VERSION = 1;
				DEVELOPMENT_TEAM = 6DXA92JYY2;
				GENERATE_INFOPLIST_FILE = YES;
				INFOPLIST_FILE = "Top Movies/Info.plist";
				INFOPLIST_KEY_UIApplicationSupportsIndirectInputEvents = YES;
				INFOPLIST_KEY_UILaunchStoryboardName = LaunchScreen;
				INFOPLIST_KEY_UIMainStoryboardFile = Main;
				INFOPLIST_KEY_UISupportedInterfaceOrientations_iPad = "UIInterfaceOrientationPortrait UIInterfaceOrientationPortraitUpsideDown UIInterfaceOrientationLandscapeLeft UIInterfaceOrientationLandscapeRight";
				INFOPLIST_KEY_UISupportedInterfaceOrientations_iPhone = "UIInterfaceOrientationPortrait UIInterfaceOrientationLandscapeLeft UIInterfaceOrientationLandscapeRight";
				LD_RUNPATH_SEARCH_PATHS = (
					"$(inherited)",
					"@executable_path/Frameworks",
				);
				MARKETING_VERSION = 1.0;
				PRODUCT_BUNDLE_IDENTIFIER = "com.ingenious.Top-Movies";
				PRODUCT_NAME = "$(TARGET_NAME)";
				SWIFT_EMIT_LOC_STRINGS = YES;
				SWIFT_VERSION = 5.0;
				TARGETED_DEVICE_FAMILY = "1,2";
			};
			name = Debug;
		};
		B690484A2A398AE9007CAA6F /* Release */ = {
			isa = XCBuildConfiguration;
			baseConfigurationReference = 4A820720D9C9BF9F1548A878 /* Pods-Top Movies.release.xcconfig */;
			buildSettings = {
				ASSETCATALOG_COMPILER_APPICON_NAME = AppIcon;
				ASSETCATALOG_COMPILER_GLOBAL_ACCENT_COLOR_NAME = AccentColor;
				CODE_SIGN_STYLE = Automatic;
				CURRENT_PROJECT_VERSION = 1;
				DEVELOPMENT_TEAM = 6DXA92JYY2;
				GENERATE_INFOPLIST_FILE = YES;
				INFOPLIST_FILE = "Top Movies/Info.plist";
				INFOPLIST_KEY_UIApplicationSupportsIndirectInputEvents = YES;
				INFOPLIST_KEY_UILaunchStoryboardName = LaunchScreen;
				INFOPLIST_KEY_UIMainStoryboardFile = Main;
				INFOPLIST_KEY_UISupportedInterfaceOrientations_iPad = "UIInterfaceOrientationPortrait UIInterfaceOrientationPortraitUpsideDown UIInterfaceOrientationLandscapeLeft UIInterfaceOrientationLandscapeRight";
				INFOPLIST_KEY_UISupportedInterfaceOrientations_iPhone = "UIInterfaceOrientationPortrait UIInterfaceOrientationLandscapeLeft UIInterfaceOrientationLandscapeRight";
				LD_RUNPATH_SEARCH_PATHS = (
					"$(inherited)",
					"@executable_path/Frameworks",
				);
				MARKETING_VERSION = 1.0;
				PRODUCT_BUNDLE_IDENTIFIER = "com.ingenious.Top-Movies";
				PRODUCT_NAME = "$(TARGET_NAME)";
				SWIFT_EMIT_LOC_STRINGS = YES;
				SWIFT_VERSION = 5.0;
				TARGETED_DEVICE_FAMILY = "1,2";
			};
			name = Release;
		};
/* End XCBuildConfiguration section */

/* Begin XCConfigurationList section */
		B690482F2A398AE8007CAA6F /* Build configuration list for PBXProject "Top movies" */ = {
			isa = XCConfigurationList;
			buildConfigurations = (
				B69048462A398AE9007CAA6F /* Debug */,
				B69048472A398AE9007CAA6F /* Release */,
			);
			defaultConfigurationIsVisible = 0;
			defaultConfigurationName = Release;
		};
		B69048482A398AE9007CAA6F /* Build configuration list for PBXNativeTarget "Top Movies" */ = {
			isa = XCConfigurationList;
			buildConfigurations = (
				B69048492A398AE9007CAA6F /* Debug */,
				B690484A2A398AE9007CAA6F /* Release */,
			);
			defaultConfigurationIsVisible = 0;
			defaultConfigurationName = Release;
		};
/* End XCConfigurationList section */
	};
	rootObject = B690482C2A398AE8007CAA6F /* Project object */;
}
